
Microsoft Visual Studio Solution File, Format Version 12.00
# Visual Studio Version 17
VisualStudioVersion = 17.1.32421.90
MinimumVisualStudioVersion = 10.0.40219.1
Project("{9A19103F-16F7-4668-BE54-9A1E7A4F7556}") = "Qnbpay", "Qnbpay\Qnbpay.csproj", "{0FC0F4C6-CD98-4309-A8D1-21CA0EA9FC65}"
EndProject
Global
	GlobalSection(SolutionConfigurationPlatforms) = preSolution
		Debug|Any CPU = Debug|Any CPU
		Release|Any CPU = Release|Any CPU
	EndGlobalSection
	GlobalSection(ProjectConfigurationPlatforms) = postSolution
		{0FC0F4C6-CD98-4309-A8D1-21CA0EA9FC65}.Debug|Any CPU.ActiveCfg = Debug|Any CPU
		{0FC0F4C6-CD98-4309-A8D1-21CA0EA9FC65}.Debug|Any CPU.Build.0 = Debug|Any CPU
		{0FC0F4C6-CD98-4309-A8D1-21CA0EA9FC65}.Release|Any CPU.ActiveCfg = Release|Any CPU
		{0FC0F4C6-CD98-4309-A8D1-21CA0EA9FC65}.Release|Any CPU.Build.0 = Release|Any CPU
	EndGlobalSection
	GlobalSection(SolutionProperties) = preSolution
		HideSolutionNode = FALSE
	EndGlobalSection
	GlobalSection(ExtensibilityGlobals) = postSolution
		SolutionGuid = {91A925BE-0552-40FB-971E-122A85527F14}
	EndGlobalSection
EndGlobal
